
Microsoft Visual Studio Solution File, Format Version 12.00
# Visual Studio 15
VisualStudioVersion = 15.0.27130.2026
MinimumVisualStudioVersion = 10.0.40219.1
Project("{FAE04EC0-301F-11D3-BF4B-00C04F79EFBC}") = "Passagens", "Passagens\Passagens.csproj", "{B9ABE516-0BCD-4A10-97AF-836D5E266895}"
EndProject
Project("{FAE04EC0-301F-11D3-BF4B-00C04F79EFBC}") = "Hosting", "Hosting\Hosting.csproj", "{F44ECE75-4451-48A0-A898-12FFAC7452EE}"
EndProject
Project("{FAE04EC0-301F-11D3-BF4B-00C04F79EFBC}") = "ConsumindoServico", "ConsumindoServico\ConsumindoServico.csproj", "{B123B023-42C1-4DCF-A651-7A73070B39CF}"
	ProjectSection(ProjectDependencies) = postProject
		{B9ABE516-0BCD-4A10-97AF-836D5E266895} = {B9ABE516-0BCD-4A10-97AF-836D5E266895}
	EndProjectSection
EndProject
Global
	GlobalSection(SolutionConfigurationPlatforms) = preSolution
		Debug|Any CPU = Debug|Any CPU
		Release|Any CPU = Release|Any CPU
	EndGlobalSection
	GlobalSection(ProjectConfigurationPlatforms) = postSolution
		{B9ABE516-0BCD-4A10-97AF-836D5E266895}.Debug|Any CPU.ActiveCfg = Debug|Any CPU
		{B9ABE516-0BCD-4A10-97AF-836D5E266895}.Debug|Any CPU.Build.0 = Debug|Any CPU
		{B9ABE516-0BCD-4A10-97AF-836D5E266895}.Release|Any CPU.ActiveCfg = Release|Any CPU
		{B9ABE516-0BCD-4A10-97AF-836D5E266895}.Release|Any CPU.Build.0 = Release|Any CPU
		{F44ECE75-4451-48A0-A898-12FFAC7452EE}.Debug|Any CPU.ActiveCfg = Debug|Any CPU
		{F44ECE75-4451-48A0-A898-12FFAC7452EE}.Debug|Any CPU.Build.0 = Debug|Any CPU
		{F44ECE75-4451-48A0-A898-12FFAC7452EE}.Release|Any CPU.ActiveCfg = Release|Any CPU
		{F44ECE75-4451-48A0-A898-12FFAC7452EE}.Release|Any CPU.Build.0 = Release|Any CPU
		{B123B023-42C1-4DCF-A651-7A73070B39CF}.Debug|Any CPU.ActiveCfg = Debug|Any CPU
		{B123B023-42C1-4DCF-A651-7A73070B39CF}.Debug|Any CPU.Build.0 = Debug|Any CPU
		{B123B023-42C1-4DCF-A651-7A73070B39CF}.Release|Any CPU.ActiveCfg = Release|Any CPU
		{B123B023-42C1-4DCF-A651-7A73070B39CF}.Release|Any CPU.Build.0 = Release|Any CPU
	EndGlobalSection
	GlobalSection(SolutionProperties) = preSolution
		HideSolutionNode = FALSE
	EndGlobalSection
	GlobalSection(ExtensibilityGlobals) = postSolution
		SolutionGuid = {B09B7FD0-5FE1-47E7-AD96-5837C2216B9A}
	EndGlobalSection
EndGlobal
